// !$*UTF8*$!
{
	archiveVersion = 1;
	classes = {
	};
	objectVersion = 56;
	objects = {

/* Begin PBXBuildFile section */
		F41F6C492B033A8C0018EEC6 /* Config.swift in Sources */ = {isa = PBXBuildFile; fileRef = F41F6C482B033A8C0018EEC6 /* Config.swift */; };
		F41F6C4B2B060D620018EEC6 /* DetailStickyHeaderCollectionViewCell.swift in Sources */ = {isa = PBXBuildFile; fileRef = F41F6C4A2B060D610018EEC6 /* DetailStickyHeaderCollectionViewCell.swift */; };
		F41F6C572B06EDA40018EEC6 /* WeatherDataDTO.swift in Sources */ = {isa = PBXBuildFile; fileRef = F41F6C562B06EDA40018EEC6 /* WeatherDataDTO.swift */; };
		F41F6C5B2B0753AF0018EEC6 /* NetworkRequest.swift in Sources */ = {isa = PBXBuildFile; fileRef = F41F6C5A2B0753AF0018EEC6 /* NetworkRequest.swift */; };
		F41F6C5D2B0754050018EEC6 /* HttpMethod.swift in Sources */ = {isa = PBXBuildFile; fileRef = F41F6C5C2B0754050018EEC6 /* HttpMethod.swift */; };
		F41F6C5F2B0759350018EEC6 /* HTTPHeaderField.swift in Sources */ = {isa = PBXBuildFile; fileRef = F41F6C5E2B0759350018EEC6 /* HTTPHeaderField.swift */; };
		F42AE87B2AEB7F0D00DD8391 /* UIViewController+.swift in Sources */ = {isa = PBXBuildFile; fileRef = F42AE87A2AEB7F0D00DD8391 /* UIViewController+.swift */; };
		F43488372AE77BA400AB4959 /* DetailWeatherInfoViewController.swift in Sources */ = {isa = PBXBuildFile; fileRef = F43488362AE77BA400AB4959 /* DetailWeatherInfoViewController.swift */; };
		F434883C2AE8248A00AB4959 /* WeatherInfoByHourView.swift in Sources */ = {isa = PBXBuildFile; fileRef = F434883B2AE8248A00AB4959 /* WeatherInfoByHourView.swift */; };
		F434883E2AE83A4C00AB4959 /* WeatherInfoByHourStackView.swift in Sources */ = {isa = PBXBuildFile; fileRef = F434883D2AE83A4C00AB4959 /* WeatherInfoByHourStackView.swift */; };
		F437E3572AF94C0E0046AD83 /* DetailHeaderSectionCollectionViewCell.swift in Sources */ = {isa = PBXBuildFile; fileRef = F437E3562AF94C0E0046AD83 /* DetailHeaderSectionCollectionViewCell.swift */; };
		F437E3592AFB62C80046AD83 /* DetailCollectionWeatherByHourHeaderView.swift in Sources */ = {isa = PBXBuildFile; fileRef = F437E3582AFB62C80046AD83 /* DetailCollectionWeatherByHourHeaderView.swift */; };
		F437E35B2AFCD6A60046AD83 /* DetailHourSectionBackgroundView.swift in Sources */ = {isa = PBXBuildFile; fileRef = F437E35A2AFCD6A60046AD83 /* DetailHourSectionBackgroundView.swift */; };
		F437E35D2AFCE58C0046AD83 /* DetailTenDayWeatherSectionCollectionViewCell.swift in Sources */ = {isa = PBXBuildFile; fileRef = F437E35C2AFCE58C0046AD83 /* DetailTenDayWeatherSectionCollectionViewCell.swift */; };
		F437E35F2AFDE16D0046AD83 /* DetailTenDaySectionCollectionBackGroundView.swift in Sources */ = {isa = PBXBuildFile; fileRef = F437E35E2AFDE16D0046AD83 /* DetailTenDaySectionCollectionBackGroundView.swift */; };
		F437E3612AFDE98B0046AD83 /* DetailTenDayWeatherSectionHeaderView.swift in Sources */ = {isa = PBXBuildFile; fileRef = F437E3602AFDE98B0046AD83 /* DetailTenDayWeatherSectionHeaderView.swift */; };
		F44F8AD32B02039A00850AAD /* GetWeatherService.swift in Sources */ = {isa = PBXBuildFile; fileRef = F44F8AD22B02039A00850AAD /* GetWeatherService.swift */; };
		F44F8AD52B02075900850AAD /* NetworkError.swift in Sources */ = {isa = PBXBuildFile; fileRef = F44F8AD42B02075900850AAD /* NetworkError.swift */; };
		F44F8AD72B020B9900850AAD /* WeatherAppData.swift in Sources */ = {isa = PBXBuildFile; fileRef = F44F8AD62B020B9900850AAD /* WeatherAppData.swift */; };
		F46C228C2ADC5C2500AA798D /* AppDelegate.swift in Sources */ = {isa = PBXBuildFile; fileRef = F46C228B2ADC5C2500AA798D /* AppDelegate.swift */; };
		F46C228E2ADC5C2500AA798D /* SceneDelegate.swift in Sources */ = {isa = PBXBuildFile; fileRef = F46C228D2ADC5C2500AA798D /* SceneDelegate.swift */; };
		F46C22952ADC5C2900AA798D /* Assets.xcassets in Resources */ = {isa = PBXBuildFile; fileRef = F46C22942ADC5C2900AA798D /* Assets.xcassets */; };
		F46C22982ADC5C2900AA798D /* (null) in Resources */ = {isa = PBXBuildFile; };
		F46C22A92ADC6BBD00AA798D /* SnapKit in Frameworks */ = {isa = PBXBuildFile; productRef = F46C22A82ADC6BBD00AA798D /* SnapKit */; };
		F46C22AB2ADC6BBD00AA798D /* SnapKit-Dynamic in Frameworks */ = {isa = PBXBuildFile; productRef = F46C22AA2ADC6BBD00AA798D /* SnapKit-Dynamic */; };
		F46C22AD2ADC6D8800AA798D /* UIFont+.swift in Sources */ = {isa = PBXBuildFile; fileRef = F46C22AC2ADC6D8800AA798D /* UIFont+.swift */; };
		F46C22B12ADC71DD00AA798D /* SF-Pro-Text-Regular.otf in Resources */ = {isa = PBXBuildFile; fileRef = F46C22AE2ADC71DC00AA798D /* SF-Pro-Text-Regular.otf */; };
		F46C22B32ADC71DD00AA798D /* SF-Pro-Text-Medium.otf in Resources */ = {isa = PBXBuildFile; fileRef = F46C22B02ADC71DD00AA798D /* SF-Pro-Text-Medium.otf */; };
		F46C22B52ADC80C300AA798D /* UIView+.swift in Sources */ = {isa = PBXBuildFile; fileRef = F46C22B42ADC80C300AA798D /* UIView+.swift */; };
		F46C22B82ADC831C00AA798D /* ImageLiterals.swift in Sources */ = {isa = PBXBuildFile; fileRef = F46C22B72ADC831C00AA798D /* ImageLiterals.swift */; };
		F46C22BA2ADC838F00AA798D /* UIImage+.swift in Sources */ = {isa = PBXBuildFile; fileRef = F46C22B92ADC838F00AA798D /* UIImage+.swift */; };
		F4B811772AE6AE18007E946E /* SFFontLabel.swift in Sources */ = {isa = PBXBuildFile; fileRef = F4B811762AE6AE18007E946E /* SFFontLabel.swift */; };
		F4D40B5D2AF2080F00A9AB93 /* LocationListCollectionViewCell.swift in Sources */ = {isa = PBXBuildFile; fileRef = F4D40B5C2AF2080F00A9AB93 /* LocationListCollectionViewCell.swift */; };
		F4D40B632AF4E6F300A9AB93 /* DetailWeatherByHourSectionCollectionViewCell.swift in Sources */ = {isa = PBXBuildFile; fileRef = F4D40B622AF4E6F300A9AB93 /* DetailWeatherByHourSectionCollectionViewCell.swift */; };
		F4F419C72ADD2B6100AB8526 /* SF-Pro-Text-Bold.otf in Resources */ = {isa = PBXBuildFile; fileRef = F4F419C52ADD2B6100AB8526 /* SF-Pro-Text-Bold.otf */; };
		F4F419C82ADD2B6100AB8526 /* SF-Pro-Text-Thin.otf in Resources */ = {isa = PBXBuildFile; fileRef = F4F419C62ADD2B6100AB8526 /* SF-Pro-Text-Thin.otf */; };
		F4F419CA2ADD2B7400AB8526 /* SF-Pro-Text-Light.otf in Resources */ = {isa = PBXBuildFile; fileRef = F4F419C92ADD2B7400AB8526 /* SF-Pro-Text-Light.otf */; };
		F4F419CC2ADD343000AB8526 /* ListByLocationWithSearchViewController.swift in Sources */ = {isa = PBXBuildFile; fileRef = F4F419CB2ADD343000AB8526 /* ListByLocationWithSearchViewController.swift */; };
		F4F419D12AE10E2500AB8526 /* WeatherListByLocationInfoModel.swift in Sources */ = {isa = PBXBuildFile; fileRef = F4F419D02AE10E2500AB8526 /* WeatherListByLocationInfoModel.swift */; };
		F4F419DB2AE110D200AB8526 /* UIStackView+.swift in Sources */ = {isa = PBXBuildFile; fileRef = F4F419DA2AE110D200AB8526 /* UIStackView+.swift */; };
		F4F419E02AE1162400AB8526 /* LocationButton.swift in Sources */ = {isa = PBXBuildFile; fileRef = F4F419DF2AE1162400AB8526 /* LocationButton.swift */; };
		F4F419E22AE11A2400AB8526 /* LocationDetailWeatherViewController.swift in Sources */ = {isa = PBXBuildFile; fileRef = F4F419E12AE11A2400AB8526 /* LocationDetailWeatherViewController.swift */; };
/* End PBXBuildFile section */

/* Begin PBXFileReference section */
		F41F6C482B033A8C0018EEC6 /* Config.swift */ = {isa = PBXFileReference; lastKnownFileType = sourcecode.swift; path = Config.swift; sourceTree = "<group>"; };
		F41F6C4A2B060D610018EEC6 /* DetailStickyHeaderCollectionViewCell.swift */ = {isa = PBXFileReference; lastKnownFileType = sourcecode.swift; path = DetailStickyHeaderCollectionViewCell.swift; sourceTree = "<group>"; };
		F41F6C562B06EDA40018EEC6 /* WeatherDataDTO.swift */ = {isa = PBXFileReference; lastKnownFileType = sourcecode.swift; path = WeatherDataDTO.swift; sourceTree = "<group>"; };
		F41F6C5A2B0753AF0018EEC6 /* NetworkRequest.swift */ = {isa = PBXFileReference; lastKnownFileType = sourcecode.swift; path = NetworkRequest.swift; sourceTree = "<group>"; };
		F41F6C5C2B0754050018EEC6 /* HttpMethod.swift */ = {isa = PBXFileReference; lastKnownFileType = sourcecode.swift; path = HttpMethod.swift; sourceTree = "<group>"; };
		F41F6C5E2B0759350018EEC6 /* HTTPHeaderField.swift */ = {isa = PBXFileReference; lastKnownFileType = sourcecode.swift; path = HTTPHeaderField.swift; sourceTree = "<group>"; };
		F42AE87A2AEB7F0D00DD8391 /* UIViewController+.swift */ = {isa = PBXFileReference; lastKnownFileType = sourcecode.swift; path = "UIViewController+.swift"; sourceTree = "<group>"; };
		F43488362AE77BA400AB4959 /* DetailWeatherInfoViewController.swift */ = {isa = PBXFileReference; lastKnownFileType = sourcecode.swift; path = DetailWeatherInfoViewController.swift; sourceTree = "<group>"; };
		F434883B2AE8248A00AB4959 /* WeatherInfoByHourView.swift */ = {isa = PBXFileReference; lastKnownFileType = sourcecode.swift; path = WeatherInfoByHourView.swift; sourceTree = "<group>"; };
		F434883D2AE83A4C00AB4959 /* WeatherInfoByHourStackView.swift */ = {isa = PBXFileReference; lastKnownFileType = sourcecode.swift; path = WeatherInfoByHourStackView.swift; sourceTree = "<group>"; };
		F437E3562AF94C0E0046AD83 /* DetailHeaderSectionCollectionViewCell.swift */ = {isa = PBXFileReference; lastKnownFileType = sourcecode.swift; path = DetailHeaderSectionCollectionViewCell.swift; sourceTree = "<group>"; };
		F437E3582AFB62C80046AD83 /* DetailCollectionWeatherByHourHeaderView.swift */ = {isa = PBXFileReference; lastKnownFileType = sourcecode.swift; path = DetailCollectionWeatherByHourHeaderView.swift; sourceTree = "<group>"; };
		F437E35A2AFCD6A60046AD83 /* DetailHourSectionBackgroundView.swift */ = {isa = PBXFileReference; lastKnownFileType = sourcecode.swift; path = DetailHourSectionBackgroundView.swift; sourceTree = "<group>"; };
		F437E35C2AFCE58C0046AD83 /* DetailTenDayWeatherSectionCollectionViewCell.swift */ = {isa = PBXFileReference; lastKnownFileType = sourcecode.swift; path = DetailTenDayWeatherSectionCollectionViewCell.swift; sourceTree = "<group>"; };
		F437E35E2AFDE16D0046AD83 /* DetailTenDaySectionCollectionBackGroundView.swift */ = {isa = PBXFileReference; lastKnownFileType = sourcecode.swift; path = DetailTenDaySectionCollectionBackGroundView.swift; sourceTree = "<group>"; };
		F437E3602AFDE98B0046AD83 /* DetailTenDayWeatherSectionHeaderView.swift */ = {isa = PBXFileReference; lastKnownFileType = sourcecode.swift; path = DetailTenDayWeatherSectionHeaderView.swift; sourceTree = "<group>"; };
		F44F8AD12B02019700850AAD /* Config.xcconfig */ = {isa = PBXFileReference; lastKnownFileType = text.xcconfig; path = Config.xcconfig; sourceTree = "<group>"; };
		F44F8AD22B02039A00850AAD /* GetWeatherService.swift */ = {isa = PBXFileReference; lastKnownFileType = sourcecode.swift; path = GetWeatherService.swift; sourceTree = "<group>"; };
		F44F8AD42B02075900850AAD /* NetworkError.swift */ = {isa = PBXFileReference; lastKnownFileType = sourcecode.swift; path = NetworkError.swift; sourceTree = "<group>"; };
		F44F8AD62B020B9900850AAD /* WeatherAppData.swift */ = {isa = PBXFileReference; lastKnownFileType = sourcecode.swift; path = WeatherAppData.swift; sourceTree = "<group>"; };
		F46C22882ADC5C2500AA798D /* SOPT33_AppleWeatherAppCloneCoding.app */ = {isa = PBXFileReference; explicitFileType = wrapper.application; includeInIndex = 0; path = SOPT33_AppleWeatherAppCloneCoding.app; sourceTree = BUILT_PRODUCTS_DIR; };
		F46C228B2ADC5C2500AA798D /* AppDelegate.swift */ = {isa = PBXFileReference; lastKnownFileType = sourcecode.swift; path = AppDelegate.swift; sourceTree = "<group>"; };
		F46C228D2ADC5C2500AA798D /* SceneDelegate.swift */ = {isa = PBXFileReference; lastKnownFileType = sourcecode.swift; path = SceneDelegate.swift; sourceTree = "<group>"; };
		F46C22942ADC5C2900AA798D /* Assets.xcassets */ = {isa = PBXFileReference; lastKnownFileType = folder.assetcatalog; path = Assets.xcassets; sourceTree = "<group>"; };
		F46C22992ADC5C2900AA798D /* Info.plist */ = {isa = PBXFileReference; lastKnownFileType = text.plist.xml; path = Info.plist; sourceTree = "<group>"; };
		F46C22AC2ADC6D8800AA798D /* UIFont+.swift */ = {isa = PBXFileReference; lastKnownFileType = sourcecode.swift; path = "UIFont+.swift"; sourceTree = "<group>"; };
		F46C22AE2ADC71DC00AA798D /* SF-Pro-Text-Regular.otf */ = {isa = PBXFileReference; lastKnownFileType = file; path = "SF-Pro-Text-Regular.otf"; sourceTree = "<group>"; };
		F46C22B02ADC71DD00AA798D /* SF-Pro-Text-Medium.otf */ = {isa = PBXFileReference; lastKnownFileType = file; path = "SF-Pro-Text-Medium.otf"; sourceTree = "<group>"; };
		F46C22B42ADC80C300AA798D /* UIView+.swift */ = {isa = PBXFileReference; lastKnownFileType = sourcecode.swift; path = "UIView+.swift"; sourceTree = "<group>"; };
		F46C22B72ADC831C00AA798D /* ImageLiterals.swift */ = {isa = PBXFileReference; lastKnownFileType = sourcecode.swift; path = ImageLiterals.swift; sourceTree = "<group>"; };
		F46C22B92ADC838F00AA798D /* UIImage+.swift */ = {isa = PBXFileReference; lastKnownFileType = sourcecode.swift; path = "UIImage+.swift"; sourceTree = "<group>"; };
		F4B811762AE6AE18007E946E /* SFFontLabel.swift */ = {isa = PBXFileReference; lastKnownFileType = sourcecode.swift; path = SFFontLabel.swift; sourceTree = "<group>"; };
		F4D40B5C2AF2080F00A9AB93 /* LocationListCollectionViewCell.swift */ = {isa = PBXFileReference; lastKnownFileType = sourcecode.swift; path = LocationListCollectionViewCell.swift; sourceTree = "<group>"; };
		F4D40B622AF4E6F300A9AB93 /* DetailWeatherByHourSectionCollectionViewCell.swift */ = {isa = PBXFileReference; lastKnownFileType = sourcecode.swift; path = DetailWeatherByHourSectionCollectionViewCell.swift; sourceTree = "<group>"; };
		F4F419C52ADD2B6100AB8526 /* SF-Pro-Text-Bold.otf */ = {isa = PBXFileReference; lastKnownFileType = file; name = "SF-Pro-Text-Bold.otf"; path = "../../../../SFFont/SF-Pro-Text-Bold.otf"; sourceTree = "<group>"; };
		F4F419C62ADD2B6100AB8526 /* SF-Pro-Text-Thin.otf */ = {isa = PBXFileReference; lastKnownFileType = file; path = "SF-Pro-Text-Thin.otf"; sourceTree = "<group>"; };
		F4F419C92ADD2B7400AB8526 /* SF-Pro-Text-Light.otf */ = {isa = PBXFileReference; lastKnownFileType = file; path = "SF-Pro-Text-Light.otf"; sourceTree = "<group>"; };
		F4F419CB2ADD343000AB8526 /* ListByLocationWithSearchViewController.swift */ = {isa = PBXFileReference; lastKnownFileType = sourcecode.swift; path = ListByLocationWithSearchViewController.swift; sourceTree = "<group>"; };
		F4F419D02AE10E2500AB8526 /* WeatherListByLocationInfoModel.swift */ = {isa = PBXFileReference; lastKnownFileType = sourcecode.swift; path = WeatherListByLocationInfoModel.swift; sourceTree = "<group>"; };
		F4F419DA2AE110D200AB8526 /* UIStackView+.swift */ = {isa = PBXFileReference; lastKnownFileType = sourcecode.swift; path = "UIStackView+.swift"; sourceTree = "<group>"; };
		F4F419DF2AE1162400AB8526 /* LocationButton.swift */ = {isa = PBXFileReference; lastKnownFileType = sourcecode.swift; path = LocationButton.swift; sourceTree = "<group>"; };
		F4F419E12AE11A2400AB8526 /* LocationDetailWeatherViewController.swift */ = {isa = PBXFileReference; lastKnownFileType = sourcecode.swift; path = LocationDetailWeatherViewController.swift; sourceTree = "<group>"; };
/* End PBXFileReference section */

/* Begin PBXFrameworksBuildPhase section */
		F46C22852ADC5C2500AA798D /* Frameworks */ = {
			isa = PBXFrameworksBuildPhase;
			buildActionMask = 2147483647;
			files = (
				F46C22A92ADC6BBD00AA798D /* SnapKit in Frameworks */,
				F46C22AB2ADC6BBD00AA798D /* SnapKit-Dynamic in Frameworks */,
			);
			runOnlyForDeploymentPostprocessing = 0;
		};
/* End PBXFrameworksBuildPhase section */

/* Begin PBXGroup section */
		F434883A2AE8247900AB4959 /* Views */ = {
			isa = PBXGroup;
			children = (
				F434883B2AE8248A00AB4959 /* WeatherInfoByHourView.swift */,
				F437E3582AFB62C80046AD83 /* DetailCollectionWeatherByHourHeaderView.swift */,
				F437E35A2AFCD6A60046AD83 /* DetailHourSectionBackgroundView.swift */,
				F437E35E2AFDE16D0046AD83 /* DetailTenDaySectionCollectionBackGroundView.swift */,
				F437E3602AFDE98B0046AD83 /* DetailTenDayWeatherSectionHeaderView.swift */,
			);
			path = Views;
			sourceTree = "<group>";
		};
		F437E3792B01F3C40046AD83 /* Network */ = {
			isa = PBXGroup;
			children = (
				F437E37C2B01F3F30046AD83 /* Base */,
				F437E37B2B01F3EC0046AD83 /* Service */,
				F437E37A2B01F3E70046AD83 /* DTO */,
			);
			path = Network;
			sourceTree = "<group>";
		};
		F437E37A2B01F3E70046AD83 /* DTO */ = {
			isa = PBXGroup;
			children = (
				F41F6C562B06EDA40018EEC6 /* WeatherDataDTO.swift */,
			);
			path = DTO;
			sourceTree = "<group>";
		};
		F437E37B2B01F3EC0046AD83 /* Service */ = {
			isa = PBXGroup;
			children = (
				F44F8AD22B02039A00850AAD /* GetWeatherService.swift */,
			);
			path = Service;
			sourceTree = "<group>";
		};
		F437E37C2B01F3F30046AD83 /* Base */ = {
			isa = PBXGroup;
			children = (
				F44F8AD12B02019700850AAD /* Config.xcconfig */,
				F44F8AD42B02075900850AAD /* NetworkError.swift */,
				F41F6C482B033A8C0018EEC6 /* Config.swift */,
				F41F6C5A2B0753AF0018EEC6 /* NetworkRequest.swift */,
				F41F6C5C2B0754050018EEC6 /* HttpMethod.swift */,
				F41F6C5E2B0759350018EEC6 /* HTTPHeaderField.swift */,
			);
			path = Base;
			sourceTree = "<group>";
		};
		F44F8ACE2B01FBC100850AAD /* Application */ = {
			isa = PBXGroup;
			children = (
				F46C22942ADC5C2900AA798D /* Assets.xcassets */,
				F46C228D2ADC5C2500AA798D /* SceneDelegate.swift */,
				F46C228B2ADC5C2500AA798D /* AppDelegate.swift */,
			);
			path = Application;
			sourceTree = "<group>";
		};
		F46C227F2ADC5C2500AA798D = {
			isa = PBXGroup;
			children = (
				F46C228A2ADC5C2500AA798D /* SOPT33_AppleWeatherAppCloneCoding */,
				F46C22892ADC5C2500AA798D /* Products */,
			);
			sourceTree = "<group>";
		};
		F46C22892ADC5C2500AA798D /* Products */ = {
			isa = PBXGroup;
			children = (
				F46C22882ADC5C2500AA798D /* SOPT33_AppleWeatherAppCloneCoding.app */,
			);
			name = Products;
			sourceTree = "<group>";
		};
		F46C228A2ADC5C2500AA798D /* SOPT33_AppleWeatherAppCloneCoding */ = {
			isa = PBXGroup;
			children = (
				F44F8ACE2B01FBC100850AAD /* Application */,
				F437E3792B01F3C40046AD83 /* Network */,
				F4F419DC2AE1158000AB8526 /* UIComponents */,
				F4F419CF2AE10DD600AB8526 /* Scene */,
				F46C22B62ADC831000AA798D /* Literals */,
				F46C22A62ADC676900AA798D /* Font */,
				F46C229F2ADC660200AA798D /* Extensions */,
				F46C22992ADC5C2900AA798D /* Info.plist */,
			);
			path = SOPT33_AppleWeatherAppCloneCoding;
			sourceTree = "<group>";
		};
		F46C229F2ADC660200AA798D /* Extensions */ = {
			isa = PBXGroup;
			children = (
				F46C22AC2ADC6D8800AA798D /* UIFont+.swift */,
				F46C22B42ADC80C300AA798D /* UIView+.swift */,
				F46C22B92ADC838F00AA798D /* UIImage+.swift */,
				F4F419DA2AE110D200AB8526 /* UIStackView+.swift */,
				F42AE87A2AEB7F0D00DD8391 /* UIViewController+.swift */,
			);
			path = Extensions;
			sourceTree = "<group>";
		};
		F46C22A62ADC676900AA798D /* Font */ = {
			isa = PBXGroup;
			children = (
				F4F419C52ADD2B6100AB8526 /* SF-Pro-Text-Bold.otf */,
				F4F419C62ADD2B6100AB8526 /* SF-Pro-Text-Thin.otf */,
				F46C22B02ADC71DD00AA798D /* SF-Pro-Text-Medium.otf */,
				F4F419C92ADD2B7400AB8526 /* SF-Pro-Text-Light.otf */,
				F46C22AE2ADC71DC00AA798D /* SF-Pro-Text-Regular.otf */,
			);
			path = Font;
			sourceTree = "<group>";
		};
		F46C22B62ADC831000AA798D /* Literals */ = {
			isa = PBXGroup;
			children = (
				F46C22B72ADC831C00AA798D /* ImageLiterals.swift */,
			);
			path = Literals;
			sourceTree = "<group>";
		};
		F4D40B5B2AF207F100A9AB93 /* Cells */ = {
			isa = PBXGroup;
			children = (
				F4D40B5C2AF2080F00A9AB93 /* LocationListCollectionViewCell.swift */,
			);
			path = Cells;
			sourceTree = "<group>";
		};
		F4D40B612AF4E6A400A9AB93 /* Cells */ = {
			isa = PBXGroup;
			children = (
				F4D40B622AF4E6F300A9AB93 /* DetailWeatherByHourSectionCollectionViewCell.swift */,
				F437E3562AF94C0E0046AD83 /* DetailHeaderSectionCollectionViewCell.swift */,
				F437E35C2AFCE58C0046AD83 /* DetailTenDayWeatherSectionCollectionViewCell.swift */,
				F41F6C4A2B060D610018EEC6 /* DetailStickyHeaderCollectionViewCell.swift */,
			);
			path = Cells;
			sourceTree = "<group>";
		};
		F4F419CF2AE10DD600AB8526 /* Scene */ = {
			isa = PBXGroup;
			children = (
				F4F419D52AE10EAE00AB8526 /* LocationWeatherInfo */,
				F4F419D42AE10E9D00AB8526 /* ListByLocation */,
			);
			path = Scene;
			sourceTree = "<group>";
		};
		F4F419D42AE10E9D00AB8526 /* ListByLocation */ = {
			isa = PBXGroup;
			children = (
				F4D40B5B2AF207F100A9AB93 /* Cells */,
				F4F419E32AE120E200AB8526 /* Views */,
				F4F419D72AE10EDF00AB8526 /* Model */,
				F4F419D62AE10EC100AB8526 /* ViewControllers */,
			);
			path = ListByLocation;
			sourceTree = "<group>";
		};
		F4F419D52AE10EAE00AB8526 /* LocationWeatherInfo */ = {
			isa = PBXGroup;
			children = (
				F4D40B612AF4E6A400A9AB93 /* Cells */,
				F434883A2AE8247900AB4959 /* Views */,
				F4F419D82AE10EE400AB8526 /* Model */,
				F4F419D92AE10EE800AB8526 /* ViewControllers */,
			);
			path = LocationWeatherInfo;
			sourceTree = "<group>";
		};
		F4F419D62AE10EC100AB8526 /* ViewControllers */ = {
			isa = PBXGroup;
			children = (
				F4F419CB2ADD343000AB8526 /* ListByLocationWithSearchViewController.swift */,
			);
			path = ViewControllers;
			sourceTree = "<group>";
		};
		F4F419D72AE10EDF00AB8526 /* Model */ = {
			isa = PBXGroup;
			children = (
				F4F419D02AE10E2500AB8526 /* WeatherListByLocationInfoModel.swift */,
				F44F8AD62B020B9900850AAD /* WeatherAppData.swift */,
			);
			path = Model;
			sourceTree = "<group>";
		};
		F4F419D82AE10EE400AB8526 /* Model */ = {
			isa = PBXGroup;
			children = (
			);
			name = Model;
			sourceTree = "<group>";
		};
		F4F419D92AE10EE800AB8526 /* ViewControllers */ = {
			isa = PBXGroup;
			children = (
				F4F419E12AE11A2400AB8526 /* LocationDetailWeatherViewController.swift */,
			);
			path = ViewControllers;
			sourceTree = "<group>";
		};
		F4F419DC2AE1158000AB8526 /* UIComponents */ = {
			isa = PBXGroup;
			children = (
				F4F419DF2AE1162400AB8526 /* LocationButton.swift */,
				F4B811762AE6AE18007E946E /* SFFontLabel.swift */,
				F43488362AE77BA400AB4959 /* DetailWeatherInfoViewController.swift */,
				F434883D2AE83A4C00AB4959 /* WeatherInfoByHourStackView.swift */,
			);
			path = UIComponents;
			sourceTree = "<group>";
		};
		F4F419E32AE120E200AB8526 /* Views */ = {
			isa = PBXGroup;
			children = (
			);
			name = Views;
			sourceTree = "<group>";
		};
/* End PBXGroup section */

/* Begin PBXNativeTarget section */
		F46C22872ADC5C2500AA798D /* SOPT33_AppleWeatherAppCloneCoding */ = {
			isa = PBXNativeTarget;
			buildConfigurationList = F46C229C2ADC5C2900AA798D /* Build configuration list for PBXNativeTarget "SOPT33_AppleWeatherAppCloneCoding" */;
			buildPhases = (
				F46C22842ADC5C2500AA798D /* Sources */,
				F46C22852ADC5C2500AA798D /* Frameworks */,
				F46C22862ADC5C2500AA798D /* Resources */,
			);
			buildRules = (
			);
			dependencies = (
			);
			name = SOPT33_AppleWeatherAppCloneCoding;
			packageProductDependencies = (
				F46C22A82ADC6BBD00AA798D /* SnapKit */,
				F46C22AA2ADC6BBD00AA798D /* SnapKit-Dynamic */,
			);
			productName = SOPT33_AppleWeatherAppCloneCoding;
			productReference = F46C22882ADC5C2500AA798D /* SOPT33_AppleWeatherAppCloneCoding.app */;
			productType = "com.apple.product-type.application";
		};
/* End PBXNativeTarget section */

/* Begin PBXProject section */
		F46C22802ADC5C2500AA798D /* Project object */ = {
			isa = PBXProject;
			attributes = {
				BuildIndependentTargetsInParallel = 1;
				LastSwiftUpdateCheck = 1500;
				LastUpgradeCheck = 1500;
				TargetAttributes = {
					F46C22872ADC5C2500AA798D = {
						CreatedOnToolsVersion = 15.0;
					};
				};
			};
			buildConfigurationList = F46C22832ADC5C2500AA798D /* Build configuration list for PBXProject "SOPT33_AppleWeatherAppCloneCoding" */;
			compatibilityVersion = "Xcode 14.0";
			developmentRegion = en;
			hasScannedForEncodings = 0;
			knownRegions = (
				en,
				Base,
			);
			mainGroup = F46C227F2ADC5C2500AA798D;
			packageReferences = (
				F46C22A72ADC6BBD00AA798D /* XCRemoteSwiftPackageReference "SnapKit" */,
			);
			productRefGroup = F46C22892ADC5C2500AA798D /* Products */;
			projectDirPath = "";
			projectRoot = "";
			targets = (
				F46C22872ADC5C2500AA798D /* SOPT33_AppleWeatherAppCloneCoding */,
			);
		};
/* End PBXProject section */

/* Begin PBXResourcesBuildPhase section */
		F46C22862ADC5C2500AA798D /* Resources */ = {
			isa = PBXResourcesBuildPhase;
			buildActionMask = 2147483647;
			files = (
				F46C22B12ADC71DD00AA798D /* SF-Pro-Text-Regular.otf in Resources */,
				F46C22982ADC5C2900AA798D /* (null) in Resources */,
				F4F419C72ADD2B6100AB8526 /* SF-Pro-Text-Bold.otf in Resources */,
				F46C22B32ADC71DD00AA798D /* SF-Pro-Text-Medium.otf in Resources */,
				F4F419C82ADD2B6100AB8526 /* SF-Pro-Text-Thin.otf in Resources */,
				F4F419CA2ADD2B7400AB8526 /* SF-Pro-Text-Light.otf in Resources */,
				F46C22952ADC5C2900AA798D /* Assets.xcassets in Resources */,
			);
			runOnlyForDeploymentPostprocessing = 0;
		};
/* End PBXResourcesBuildPhase section */

/* Begin PBXSourcesBuildPhase section */
		F46C22842ADC5C2500AA798D /* Sources */ = {
			isa = PBXSourcesBuildPhase;
			buildActionMask = 2147483647;
			files = (
				F4B811772AE6AE18007E946E /* SFFontLabel.swift in Sources */,
				F4F419E02AE1162400AB8526 /* LocationButton.swift in Sources */,
				F44F8AD72B020B9900850AAD /* WeatherAppData.swift in Sources */,
				F4D40B632AF4E6F300A9AB93 /* DetailWeatherByHourSectionCollectionViewCell.swift in Sources */,
				F41F6C5B2B0753AF0018EEC6 /* NetworkRequest.swift in Sources */,
				F434883C2AE8248A00AB4959 /* WeatherInfoByHourView.swift in Sources */,
				F4F419CC2ADD343000AB8526 /* ListByLocationWithSearchViewController.swift in Sources */,
				F44F8AD32B02039A00850AAD /* GetWeatherService.swift in Sources */,
				F44F8AD52B02075900850AAD /* NetworkError.swift in Sources */,
				F43488372AE77BA400AB4959 /* DetailWeatherInfoViewController.swift in Sources */,
				F46C22AD2ADC6D8800AA798D /* UIFont+.swift in Sources */,
				F437E35F2AFDE16D0046AD83 /* DetailTenDaySectionCollectionBackGroundView.swift in Sources */,
				F41F6C5D2B0754050018EEC6 /* HttpMethod.swift in Sources */,
				F41F6C5F2B0759350018EEC6 /* HTTPHeaderField.swift in Sources */,
				F4F419E22AE11A2400AB8526 /* LocationDetailWeatherViewController.swift in Sources */,
				F437E3592AFB62C80046AD83 /* DetailCollectionWeatherByHourHeaderView.swift in Sources */,
				F41F6C4B2B060D620018EEC6 /* DetailStickyHeaderCollectionViewCell.swift in Sources */,
				F46C22BA2ADC838F00AA798D /* UIImage+.swift in Sources */,
				F46C22B82ADC831C00AA798D /* ImageLiterals.swift in Sources */,
				F434883E2AE83A4C00AB4959 /* WeatherInfoByHourStackView.swift in Sources */,
				F42AE87B2AEB7F0D00DD8391 /* UIViewController+.swift in Sources */,
				F41F6C492B033A8C0018EEC6 /* Config.swift in Sources */,
				F4F419D12AE10E2500AB8526 /* WeatherListByLocationInfoModel.swift in Sources */,
				F437E3572AF94C0E0046AD83 /* DetailHeaderSectionCollectionViewCell.swift in Sources */,
				F46C228C2ADC5C2500AA798D /* AppDelegate.swift in Sources */,
				F41F6C572B06EDA40018EEC6 /* WeatherDataDTO.swift in Sources */,
				F4D40B5D2AF2080F00A9AB93 /* LocationListCollectionViewCell.swift in Sources */,
				F46C228E2ADC5C2500AA798D /* SceneDelegate.swift in Sources */,
				F437E35B2AFCD6A60046AD83 /* DetailHourSectionBackgroundView.swift in Sources */,
				F4F419DB2AE110D200AB8526 /* UIStackView+.swift in Sources */,
				F437E35D2AFCE58C0046AD83 /* DetailTenDayWeatherSectionCollectionViewCell.swift in Sources */,
				F437E3612AFDE98B0046AD83 /* DetailTenDayWeatherSectionHeaderView.swift in Sources */,
				F46C22B52ADC80C300AA798D /* UIView+.swift in Sources */,
			);
			runOnlyForDeploymentPostprocessing = 0;
		};
/* End PBXSourcesBuildPhase section */

/* Begin XCBuildConfiguration section */
		F46C229A2ADC5C2900AA798D /* Debug */ = {
			isa = XCBuildConfiguration;
			baseConfigurationReference = F44F8AD12B02019700850AAD /* Config.xcconfig */;
			buildSettings = {
				ALWAYS_SEARCH_USER_PATHS = NO;
				ASSETCATALOG_COMPILER_GENERATE_SWIFT_ASSET_SYMBOL_EXTENSIONS = YES;
				CLANG_ANALYZER_NONNULL = YES;
				CLANG_ANALYZER_NUMBER_OBJECT_CONVERSION = YES_AGGRESSIVE;
				CLANG_CXX_LANGUAGE_STANDARD = "gnu++20";
				CLANG_ENABLE_MODULES = YES;
				CLANG_ENABLE_OBJC_ARC = YES;
				CLANG_ENABLE_OBJC_WEAK = YES;
				CLANG_WARN_BLOCK_CAPTURE_AUTORELEASING = YES;
				CLANG_WARN_BOOL_CONVERSION = YES;
				CLANG_WARN_COMMA = YES;
				CLANG_WARN_CONSTANT_CONVERSION = YES;
				CLANG_WARN_DEPRECATED_OBJC_IMPLEMENTATIONS = YES;
				CLANG_WARN_DIRECT_OBJC_ISA_USAGE = YES_ERROR;
				CLANG_WARN_DOCUMENTATION_COMMENTS = YES;
				CLANG_WARN_EMPTY_BODY = YES;
				CLANG_WARN_ENUM_CONVERSION = YES;
				CLANG_WARN_INFINITE_RECURSION = YES;
				CLANG_WARN_INT_CONVERSION = YES;
				CLANG_WARN_NON_LITERAL_NULL_CONVERSION = YES;
				CLANG_WARN_OBJC_IMPLICIT_RETAIN_SELF = YES;
				CLANG_WARN_OBJC_LITERAL_CONVERSION = YES;
				CLANG_WARN_OBJC_ROOT_CLASS = YES_ERROR;
				CLANG_WARN_QUOTED_INCLUDE_IN_FRAMEWORK_HEADER = YES;
				CLANG_WARN_RANGE_LOOP_ANALYSIS = YES;
				CLANG_WARN_STRICT_PROTOTYPES = YES;
				CLANG_WARN_SUSPICIOUS_MOVE = YES;
				CLANG_WARN_UNGUARDED_AVAILABILITY = YES_AGGRESSIVE;
				CLANG_WARN_UNREACHABLE_CODE = YES;
				CLANG_WARN__DUPLICATE_METHOD_MATCH = YES;
				COPY_PHASE_STRIP = NO;
				DEBUG_INFORMATION_FORMAT = dwarf;
				ENABLE_STRICT_OBJC_MSGSEND = YES;
				ENABLE_TESTABILITY = YES;
				ENABLE_USER_SCRIPT_SANDBOXING = YES;
				GCC_C_LANGUAGE_STANDARD = gnu17;
				GCC_DYNAMIC_NO_PIC = NO;
				GCC_NO_COMMON_BLOCKS = YES;
				GCC_OPTIMIZATION_LEVEL = 0;
				GCC_PREPROCESSOR_DEFINITIONS = (
					"DEBUG=1",
					"$(inherited)",
				);
				GCC_WARN_64_TO_32_BIT_CONVERSION = YES;
				GCC_WARN_ABOUT_RETURN_TYPE = YES_ERROR;
				GCC_WARN_UNDECLARED_SELECTOR = YES;
				GCC_WARN_UNINITIALIZED_AUTOS = YES_AGGRESSIVE;
				GCC_WARN_UNUSED_FUNCTION = YES;
				GCC_WARN_UNUSED_VARIABLE = YES;
				IPHONEOS_DEPLOYMENT_TARGET = 17.0;
				LOCALIZATION_PREFERS_STRING_CATALOGS = YES;
				MTL_ENABLE_DEBUG_INFO = INCLUDE_SOURCE;
				MTL_FAST_MATH = YES;
				ONLY_ACTIVE_ARCH = YES;
				SDKROOT = iphoneos;
				SWIFT_ACTIVE_COMPILATION_CONDITIONS = "DEBUG $(inherited)";
				SWIFT_OPTIMIZATION_LEVEL = "-Onone";
			};
			name = Debug;
		};
		F46C229B2ADC5C2900AA798D /* Release */ = {
			isa = XCBuildConfiguration;
			baseConfigurationReference = F44F8AD12B02019700850AAD /* Config.xcconfig */;
			buildSettings = {
				ALWAYS_SEARCH_USER_PATHS = NO;
				ASSETCATALOG_COMPILER_GENERATE_SWIFT_ASSET_SYMBOL_EXTENSIONS = YES;
				CLANG_ANALYZER_NONNULL = YES;
				CLANG_ANALYZER_NUMBER_OBJECT_CONVERSION = YES_AGGRESSIVE;
				CLANG_CXX_LANGUAGE_STANDARD = "gnu++20";
				CLANG_ENABLE_MODULES = YES;
				CLANG_ENABLE_OBJC_ARC = YES;
				CLANG_ENABLE_OBJC_WEAK = YES;
				CLANG_WARN_BLOCK_CAPTURE_AUTORELEASING = YES;
				CLANG_WARN_BOOL_CONVERSION = YES;
				CLANG_WARN_COMMA = YES;
				CLANG_WARN_CONSTANT_CONVERSION = YES;
				CLANG_WARN_DEPRECATED_OBJC_IMPLEMENTATIONS = YES;
				CLANG_WARN_DIRECT_OBJC_ISA_USAGE = YES_ERROR;
				CLANG_WARN_DOCUMENTATION_COMMENTS = YES;
				CLANG_WARN_EMPTY_BODY = YES;
				CLANG_WARN_ENUM_CONVERSION = YES;
				CLANG_WARN_INFINITE_RECURSION = YES;
				CLANG_WARN_INT_CONVERSION = YES;
				CLANG_WARN_NON_LITERAL_NULL_CONVERSION = YES;
				CLANG_WARN_OBJC_IMPLICIT_RETAIN_SELF = YES;
				CLANG_WARN_OBJC_LITERAL_CONVERSION = YES;
				CLANG_WARN_OBJC_ROOT_CLASS = YES_ERROR;
				CLANG_WARN_QUOTED_INCLUDE_IN_FRAMEWORK_HEADER = YES;
				CLANG_WARN_RANGE_LOOP_ANALYSIS = YES;
				CLANG_WARN_STRICT_PROTOTYPES = YES;
				CLANG_WARN_SUSPICIOUS_MOVE = YES;
				CLANG_WARN_UNGUARDED_AVAILABILITY = YES_AGGRESSIVE;
				CLANG_WARN_UNREACHABLE_CODE = YES;
				CLANG_WARN__DUPLICATE_METHOD_MATCH = YES;
				COPY_PHASE_STRIP = NO;
				DEBUG_INFORMATION_FORMAT = "dwarf-with-dsym";
				ENABLE_NS_ASSERTIONS = NO;
				ENABLE_STRICT_OBJC_MSGSEND = YES;
				ENABLE_USER_SCRIPT_SANDBOXING = YES;
				GCC_C_LANGUAGE_STANDARD = gnu17;
				GCC_NO_COMMON_BLOCKS = YES;
				GCC_WARN_64_TO_32_BIT_CONVERSION = YES;
				GCC_WARN_ABOUT_RETURN_TYPE = YES_ERROR;
				GCC_WARN_UNDECLARED_SELECTOR = YES;
				GCC_WARN_UNINITIALIZED_AUTOS = YES_AGGRESSIVE;
				GCC_WARN_UNUSED_FUNCTION = YES;
				GCC_WARN_UNUSED_VARIABLE = YES;
				IPHONEOS_DEPLOYMENT_TARGET = 17.0;
				LOCALIZATION_PREFERS_STRING_CATALOGS = YES;
				MTL_ENABLE_DEBUG_INFO = NO;
				MTL_FAST_MATH = YES;
				SDKROOT = iphoneos;
				SWIFT_COMPILATION_MODE = wholemodule;
				VALIDATE_PRODUCT = YES;
			};
			name = Release;
		};
		F46C229D2ADC5C2900AA798D /* Debug */ = {
			isa = XCBuildConfiguration;
			buildSettings = {
				ASSETCATALOG_COMPILER_APPICON_NAME = AppIcon;
				CODE_SIGN_STYLE = Automatic;
				CURRENT_PROJECT_VERSION = 1;
				DEVELOPMENT_TEAM = HV6BJXV65Q;
				GENERATE_INFOPLIST_FILE = YES;
				INFOPLIST_FILE = SOPT33_AppleWeatherAppCloneCoding/Info.plist;
				INFOPLIST_KEY_UIApplicationSupportsIndirectInputEvents = YES;
				INFOPLIST_KEY_UILaunchStoryboardName = "";
				INFOPLIST_KEY_UISupportedInterfaceOrientations_iPad = "UIInterfaceOrientationPortrait UIInterfaceOrientationPortraitUpsideDown UIInterfaceOrientationLandscapeLeft UIInterfaceOrientationLandscapeRight";
				INFOPLIST_KEY_UISupportedInterfaceOrientations_iPhone = "UIInterfaceOrientationPortrait UIInterfaceOrientationLandscapeLeft UIInterfaceOrientationLandscapeRight";
				LD_RUNPATH_SEARCH_PATHS = (
					"$(inherited)",
					"@executable_path/Frameworks",
				);
				MARKETING_VERSION = 1.0;
				PRODUCT_BUNDLE_IDENTIFIER = "none.SOPT33-AppleWeatherAppCloneCoding";
				PRODUCT_NAME = "$(TARGET_NAME)";
				SWIFT_EMIT_LOC_STRINGS = YES;
				SWIFT_VERSION = 5.0;
				TARGETED_DEVICE_FAMILY = "1,2";
			};
			name = Debug;
		};
		F46C229E2ADC5C2900AA798D /* Release */ = {
			isa = XCBuildConfiguration;
			buildSettings = {
				ASSETCATALOG_COMPILER_APPICON_NAME = AppIcon;
				CODE_SIGN_STYLE = Automatic;
				CURRENT_PROJECT_VERSION = 1;
				DEVELOPMENT_TEAM = HV6BJXV65Q;
				GENERATE_INFOPLIST_FILE = YES;
				INFOPLIST_FILE = SOPT33_AppleWeatherAppCloneCoding/Info.plist;
				INFOPLIST_KEY_UIApplicationSupportsIndirectInputEvents = YES;
				INFOPLIST_KEY_UILaunchStoryboardName = "";
				INFOPLIST_KEY_UISupportedInterfaceOrientations_iPad = "UIInterfaceOrientationPortrait UIInterfaceOrientationPortraitUpsideDown UIInterfaceOrientationLandscapeLeft UIInterfaceOrientationLandscapeRight";
				INFOPLIST_KEY_UISupportedInterfaceOrientations_iPhone = "UIInterfaceOrientationPortrait UIInterfaceOrientationLandscapeLeft UIInterfaceOrientationLandscapeRight";
				LD_RUNPATH_SEARCH_PATHS = (
					"$(inherited)",
					"@executable_path/Frameworks",
				);
				MARKETING_VERSION = 1.0;
				PRODUCT_BUNDLE_IDENTIFIER = "none.SOPT33-AppleWeatherAppCloneCoding";
				PRODUCT_NAME = "$(TARGET_NAME)";
				SWIFT_EMIT_LOC_STRINGS = YES;
				SWIFT_VERSION = 5.0;
				TARGETED_DEVICE_FAMILY = "1,2";
			};
			name = Release;
		};
/* End XCBuildConfiguration section */

/* Begin XCConfigurationList section */
		F46C22832ADC5C2500AA798D /* Build configuration list for PBXProject "SOPT33_AppleWeatherAppCloneCoding" */ = {
			isa = XCConfigurationList;
			buildConfigurations = (
				F46C229A2ADC5C2900AA798D /* Debug */,
				F46C229B2ADC5C2900AA798D /* Release */,
			);
			defaultConfigurationIsVisible = 0;
			defaultConfigurationName = Release;
		};
		F46C229C2ADC5C2900AA798D /* Build configuration list for PBXNativeTarget "SOPT33_AppleWeatherAppCloneCoding" */ = {
			isa = XCConfigurationList;
			buildConfigurations = (
				F46C229D2ADC5C2900AA798D /* Debug */,
				F46C229E2ADC5C2900AA798D /* Release */,
			);
			defaultConfigurationIsVisible = 0;
			defaultConfigurationName = Release;
		};
/* End XCConfigurationList section */

/* Begin XCRemoteSwiftPackageReference section */
		F46C22A72ADC6BBD00AA798D /* XCRemoteSwiftPackageReference "SnapKit" */ = {
			isa = XCRemoteSwiftPackageReference;
			repositoryURL = "https://github.com/SnapKit/SnapKit";
			requirement = {
				kind = upToNextMajorVersion;
				minimumVersion = 5.6.0;
			};
		};
/* End XCRemoteSwiftPackageReference section */

/* Begin XCSwiftPackageProductDependency section */
		F46C22A82ADC6BBD00AA798D /* SnapKit */ = {
			isa = XCSwiftPackageProductDependency;
			package = F46C22A72ADC6BBD00AA798D /* XCRemoteSwiftPackageReference "SnapKit" */;
			productName = SnapKit;
		};
		F46C22AA2ADC6BBD00AA798D /* SnapKit-Dynamic */ = {
			isa = XCSwiftPackageProductDependency;
			package = F46C22A72ADC6BBD00AA798D /* XCRemoteSwiftPackageReference "SnapKit" */;
			productName = "SnapKit-Dynamic";
		};
/* End XCSwiftPackageProductDependency section */
	};
	rootObject = F46C22802ADC5C2500AA798D /* Project object */;
}
