// !$*UTF8*$!
{
	archiveVersion = 1;
	classes = {
	};
	objectVersion = 56;
	objects = {

/* Begin PBXBuildFile section */
		F46C228C2ADC5C2500AA798D /* AppDelegate.swift in Sources */ = {isa = PBXBuildFile; fileRef = F46C228B2ADC5C2500AA798D /* AppDelegate.swift */; };
		F46C228E2ADC5C2500AA798D /* SceneDelegate.swift in Sources */ = {isa = PBXBuildFile; fileRef = F46C228D2ADC5C2500AA798D /* SceneDelegate.swift */; };
		F46C22902ADC5C2500AA798D /* ViewController.swift in Sources */ = {isa = PBXBuildFile; fileRef = F46C228F2ADC5C2500AA798D /* ViewController.swift */; };
		F46C22952ADC5C2900AA798D /* Assets.xcassets in Resources */ = {isa = PBXBuildFile; fileRef = F46C22942ADC5C2900AA798D /* Assets.xcassets */; };
		F46C22982ADC5C2900AA798D /* LaunchScreen.storyboard in Resources */ = {isa = PBXBuildFile; fileRef = F46C22962ADC5C2900AA798D /* LaunchScreen.storyboard */; };
		F46C22A92ADC6BBD00AA798D /* SnapKit in Frameworks */ = {isa = PBXBuildFile; productRef = F46C22A82ADC6BBD00AA798D /* SnapKit */; };
		F46C22AB2ADC6BBD00AA798D /* SnapKit-Dynamic in Frameworks */ = {isa = PBXBuildFile; productRef = F46C22AA2ADC6BBD00AA798D /* SnapKit-Dynamic */; };
		F46C22AD2ADC6D8800AA798D /* UIFont+.swift in Sources */ = {isa = PBXBuildFile; fileRef = F46C22AC2ADC6D8800AA798D /* UIFont+.swift */; };
		F46C22B12ADC71DD00AA798D /* SF-Pro-Text-Regular.otf in Resources */ = {isa = PBXBuildFile; fileRef = F46C22AE2ADC71DC00AA798D /* SF-Pro-Text-Regular.otf */; };
		F46C22B32ADC71DD00AA798D /* SF-Pro-Text-Medium.otf in Resources */ = {isa = PBXBuildFile; fileRef = F46C22B02ADC71DD00AA798D /* SF-Pro-Text-Medium.otf */; };
		F46C22B52ADC80C300AA798D /* UIView+.swift in Sources */ = {isa = PBXBuildFile; fileRef = F46C22B42ADC80C300AA798D /* UIView+.swift */; };
		F46C22B82ADC831C00AA798D /* ImageLiterals.swift in Sources */ = {isa = PBXBuildFile; fileRef = F46C22B72ADC831C00AA798D /* ImageLiterals.swift */; };
		F46C22BA2ADC838F00AA798D /* UIImage+.swift in Sources */ = {isa = PBXBuildFile; fileRef = F46C22B92ADC838F00AA798D /* UIImage+.swift */; };
		F4F419C72ADD2B6100AB8526 /* SF-Pro-Text-Bold.otf in Resources */ = {isa = PBXBuildFile; fileRef = F4F419C52ADD2B6100AB8526 /* SF-Pro-Text-Bold.otf */; };
		F4F419C82ADD2B6100AB8526 /* SF-Pro-Text-Thin.otf in Resources */ = {isa = PBXBuildFile; fileRef = F4F419C62ADD2B6100AB8526 /* SF-Pro-Text-Thin.otf */; };
		F4F419CA2ADD2B7400AB8526 /* SF-Pro-Text-Light.otf in Resources */ = {isa = PBXBuildFile; fileRef = F4F419C92ADD2B7400AB8526 /* SF-Pro-Text-Light.otf */; };
/* End PBXBuildFile section */

/* Begin PBXFileReference section */
		F46C22882ADC5C2500AA798D /* SOPT33_AppleWeatherAppCloneCoding.app */ = {isa = PBXFileReference; explicitFileType = wrapper.application; includeInIndex = 0; path = SOPT33_AppleWeatherAppCloneCoding.app; sourceTree = BUILT_PRODUCTS_DIR; };
		F46C228B2ADC5C2500AA798D /* AppDelegate.swift */ = {isa = PBXFileReference; lastKnownFileType = sourcecode.swift; path = AppDelegate.swift; sourceTree = "<group>"; };
		F46C228D2ADC5C2500AA798D /* SceneDelegate.swift */ = {isa = PBXFileReference; lastKnownFileType = sourcecode.swift; path = SceneDelegate.swift; sourceTree = "<group>"; };
		F46C228F2ADC5C2500AA798D /* ViewController.swift */ = {isa = PBXFileReference; lastKnownFileType = sourcecode.swift; path = ViewController.swift; sourceTree = "<group>"; };
		F46C22942ADC5C2900AA798D /* Assets.xcassets */ = {isa = PBXFileReference; lastKnownFileType = folder.assetcatalog; path = Assets.xcassets; sourceTree = "<group>"; };
		F46C22972ADC5C2900AA798D /* Base */ = {isa = PBXFileReference; lastKnownFileType = file.storyboard; name = Base; path = Base.lproj/LaunchScreen.storyboard; sourceTree = "<group>"; };
		F46C22992ADC5C2900AA798D /* Info.plist */ = {isa = PBXFileReference; lastKnownFileType = text.plist.xml; path = Info.plist; sourceTree = "<group>"; };
		F46C22AC2ADC6D8800AA798D /* UIFont+.swift */ = {isa = PBXFileReference; lastKnownFileType = sourcecode.swift; path = "UIFont+.swift"; sourceTree = "<group>"; };
		F46C22AE2ADC71DC00AA798D /* SF-Pro-Text-Regular.otf */ = {isa = PBXFileReference; lastKnownFileType = file; path = "SF-Pro-Text-Regular.otf"; sourceTree = "<group>"; };
		F46C22B02ADC71DD00AA798D /* SF-Pro-Text-Medium.otf */ = {isa = PBXFileReference; lastKnownFileType = file; path = "SF-Pro-Text-Medium.otf"; sourceTree = "<group>"; };
		F46C22B42ADC80C300AA798D /* UIView+.swift */ = {isa = PBXFileReference; lastKnownFileType = sourcecode.swift; path = "UIView+.swift"; sourceTree = "<group>"; };
		F46C22B72ADC831C00AA798D /* ImageLiterals.swift */ = {isa = PBXFileReference; lastKnownFileType = sourcecode.swift; path = ImageLiterals.swift; sourceTree = "<group>"; };
		F46C22B92ADC838F00AA798D /* UIImage+.swift */ = {isa = PBXFileReference; lastKnownFileType = sourcecode.swift; path = "UIImage+.swift"; sourceTree = "<group>"; };
		F4F419C52ADD2B6100AB8526 /* SF-Pro-Text-Bold.otf */ = {isa = PBXFileReference; lastKnownFileType = file; name = "SF-Pro-Text-Bold.otf"; path = "../../../../SFFont/SF-Pro-Text-Bold.otf"; sourceTree = "<group>"; };
		F4F419C62ADD2B6100AB8526 /* SF-Pro-Text-Thin.otf */ = {isa = PBXFileReference; lastKnownFileType = file; path = "SF-Pro-Text-Thin.otf"; sourceTree = "<group>"; };
		F4F419C92ADD2B7400AB8526 /* SF-Pro-Text-Light.otf */ = {isa = PBXFileReference; lastKnownFileType = file; path = "SF-Pro-Text-Light.otf"; sourceTree = "<group>"; };
/* End PBXFileReference section */

/* Begin PBXFrameworksBuildPhase section */
		F46C22852ADC5C2500AA798D /* Frameworks */ = {
			isa = PBXFrameworksBuildPhase;
			buildActionMask = 2147483647;
			files = (
				F46C22A92ADC6BBD00AA798D /* SnapKit in Frameworks */,
				F46C22AB2ADC6BBD00AA798D /* SnapKit-Dynamic in Frameworks */,
			);
			runOnlyForDeploymentPostprocessing = 0;
		};
/* End PBXFrameworksBuildPhase section */

/* Begin PBXGroup section */
		F46C227F2ADC5C2500AA798D = {
			isa = PBXGroup;
			children = (
				F46C228A2ADC5C2500AA798D /* SOPT33_AppleWeatherAppCloneCoding */,
				F46C22892ADC5C2500AA798D /* Products */,
			);
			sourceTree = "<group>";
		};
		F46C22892ADC5C2500AA798D /* Products */ = {
			isa = PBXGroup;
			children = (
				F46C22882ADC5C2500AA798D /* SOPT33_AppleWeatherAppCloneCoding.app */,
			);
			name = Products;
			sourceTree = "<group>";
		};
		F46C228A2ADC5C2500AA798D /* SOPT33_AppleWeatherAppCloneCoding */ = {
			isa = PBXGroup;
			children = (
				F46C22B62ADC831000AA798D /* Literals */,
				F46C22A62ADC676900AA798D /* Font */,
				F46C229F2ADC660200AA798D /* Extensions */,
				F46C228B2ADC5C2500AA798D /* AppDelegate.swift */,
				F46C228D2ADC5C2500AA798D /* SceneDelegate.swift */,
				F46C228F2ADC5C2500AA798D /* ViewController.swift */,
				F46C22942ADC5C2900AA798D /* Assets.xcassets */,
				F46C22962ADC5C2900AA798D /* LaunchScreen.storyboard */,
				F46C22992ADC5C2900AA798D /* Info.plist */,
			);
			path = SOPT33_AppleWeatherAppCloneCoding;
			sourceTree = "<group>";
		};
		F46C229F2ADC660200AA798D /* Extensions */ = {
			isa = PBXGroup;
			children = (
				F46C22AC2ADC6D8800AA798D /* UIFont+.swift */,
				F46C22B42ADC80C300AA798D /* UIView+.swift */,
				F46C22B92ADC838F00AA798D /* UIImage+.swift */,
			);
			path = Extensions;
			sourceTree = "<group>";
		};
		F46C22A62ADC676900AA798D /* Font */ = {
			isa = PBXGroup;
			children = (
				F4F419C52ADD2B6100AB8526 /* SF-Pro-Text-Bold.otf */,
				F4F419C62ADD2B6100AB8526 /* SF-Pro-Text-Thin.otf */,
				F46C22B02ADC71DD00AA798D /* SF-Pro-Text-Medium.otf */,
				F4F419C92ADD2B7400AB8526 /* SF-Pro-Text-Light.otf */,
				F46C22AE2ADC71DC00AA798D /* SF-Pro-Text-Regular.otf */,
			);
			path = Font;
			sourceTree = "<group>";
		};
		F46C22B62ADC831000AA798D /* Literals */ = {
			isa = PBXGroup;
			children = (
				F46C22B72ADC831C00AA798D /* ImageLiterals.swift */,
			);
			path = Literals;
			sourceTree = "<group>";
		};
/* End PBXGroup section */

/* Begin PBXNativeTarget section */
		F46C22872ADC5C2500AA798D /* SOPT33_AppleWeatherAppCloneCoding */ = {
			isa = PBXNativeTarget;
			buildConfigurationList = F46C229C2ADC5C2900AA798D /* Build configuration list for PBXNativeTarget "SOPT33_AppleWeatherAppCloneCoding" */;
			buildPhases = (
				F46C22842ADC5C2500AA798D /* Sources */,
				F46C22852ADC5C2500AA798D /* Frameworks */,
				F46C22862ADC5C2500AA798D /* Resources */,
			);
			buildRules = (
			);
			dependencies = (
			);
			name = SOPT33_AppleWeatherAppCloneCoding;
			packageProductDependencies = (
				F46C22A82ADC6BBD00AA798D /* SnapKit */,
				F46C22AA2ADC6BBD00AA798D /* SnapKit-Dynamic */,
			);
			productName = SOPT33_AppleWeatherAppCloneCoding;
			productReference = F46C22882ADC5C2500AA798D /* SOPT33_AppleWeatherAppCloneCoding.app */;
			productType = "com.apple.product-type.application";
		};
/* End PBXNativeTarget section */

/* Begin PBXProject section */
		F46C22802ADC5C2500AA798D /* Project object */ = {
			isa = PBXProject;
			attributes = {
				BuildIndependentTargetsInParallel = 1;
				LastSwiftUpdateCheck = 1500;
				LastUpgradeCheck = 1500;
				TargetAttributes = {
					F46C22872ADC5C2500AA798D = {
						CreatedOnToolsVersion = 15.0;
					};
				};
			};
			buildConfigurationList = F46C22832ADC5C2500AA798D /* Build configuration list for PBXProject "SOPT33_AppleWeatherAppCloneCoding" */;
			compatibilityVersion = "Xcode 14.0";
			developmentRegion = en;
			hasScannedForEncodings = 0;
			knownRegions = (
				en,
				Base,
			);
			mainGroup = F46C227F2ADC5C2500AA798D;
			packageReferences = (
				F46C22A72ADC6BBD00AA798D /* XCRemoteSwiftPackageReference "SnapKit" */,
			);
			productRefGroup = F46C22892ADC5C2500AA798D /* Products */;
			projectDirPath = "";
			projectRoot = "";
			targets = (
				F46C22872ADC5C2500AA798D /* SOPT33_AppleWeatherAppCloneCoding */,
			);
		};
/* End PBXProject section */

/* Begin PBXResourcesBuildPhase section */
		F46C22862ADC5C2500AA798D /* Resources */ = {
			isa = PBXResourcesBuildPhase;
			buildActionMask = 2147483647;
			files = (
				F46C22B12ADC71DD00AA798D /* SF-Pro-Text-Regular.otf in Resources */,
				F46C22982ADC5C2900AA798D /* LaunchScreen.storyboard in Resources */,
				F4F419C72ADD2B6100AB8526 /* SF-Pro-Text-Bold.otf in Resources */,
				F46C22B32ADC71DD00AA798D /* SF-Pro-Text-Medium.otf in Resources */,
				F4F419C82ADD2B6100AB8526 /* SF-Pro-Text-Thin.otf in Resources */,
				F4F419CA2ADD2B7400AB8526 /* SF-Pro-Text-Light.otf in Resources */,
				F46C22952ADC5C2900AA798D /* Assets.xcassets in Resources */,
			);
			runOnlyForDeploymentPostprocessing = 0;
		};
/* End PBXResourcesBuildPhase section */

/* Begin PBXSourcesBuildPhase section */
		F46C22842ADC5C2500AA798D /* Sources */ = {
			isa = PBXSourcesBuildPhase;
			buildActionMask = 2147483647;
			files = (
				F46C22AD2ADC6D8800AA798D /* UIFont+.swift in Sources */,
				F46C22BA2ADC838F00AA798D /* UIImage+.swift in Sources */,
				F46C22B82ADC831C00AA798D /* ImageLiterals.swift in Sources */,
				F46C22902ADC5C2500AA798D /* ViewController.swift in Sources */,
				F46C228C2ADC5C2500AA798D /* AppDelegate.swift in Sources */,
				F46C228E2ADC5C2500AA798D /* SceneDelegate.swift in Sources */,
				F46C22B52ADC80C300AA798D /* UIView+.swift in Sources */,
			);
			runOnlyForDeploymentPostprocessing = 0;
		};
/* End PBXSourcesBuildPhase section */

/* Begin PBXVariantGroup section */
		F46C22962ADC5C2900AA798D /* LaunchScreen.storyboard */ = {
			isa = PBXVariantGroup;
			children = (
				F46C22972ADC5C2900AA798D /* Base */,
			);
			name = LaunchScreen.storyboard;
			sourceTree = "<group>";
		};
/* End PBXVariantGroup section */

/* Begin XCBuildConfiguration section */
		F46C229A2ADC5C2900AA798D /* Debug */ = {
			isa = XCBuildConfiguration;
			buildSettings = {
				ALWAYS_SEARCH_USER_PATHS = NO;
				ASSETCATALOG_COMPILER_GENERATE_SWIFT_ASSET_SYMBOL_EXTENSIONS = YES;
				CLANG_ANALYZER_NONNULL = YES;
				CLANG_ANALYZER_NUMBER_OBJECT_CONVERSION = YES_AGGRESSIVE;
				CLANG_CXX_LANGUAGE_STANDARD = "gnu++20";
				CLANG_ENABLE_MODULES = YES;
				CLANG_ENABLE_OBJC_ARC = YES;
				CLANG_ENABLE_OBJC_WEAK = YES;
				CLANG_WARN_BLOCK_CAPTURE_AUTORELEASING = YES;
				CLANG_WARN_BOOL_CONVERSION = YES;
				CLANG_WARN_COMMA = YES;
				CLANG_WARN_CONSTANT_CONVERSION = YES;
				CLANG_WARN_DEPRECATED_OBJC_IMPLEMENTATIONS = YES;
				CLANG_WARN_DIRECT_OBJC_ISA_USAGE = YES_ERROR;
				CLANG_WARN_DOCUMENTATION_COMMENTS = YES;
				CLANG_WARN_EMPTY_BODY = YES;
				CLANG_WARN_ENUM_CONVERSION = YES;
				CLANG_WARN_INFINITE_RECURSION = YES;
				CLANG_WARN_INT_CONVERSION = YES;
				CLANG_WARN_NON_LITERAL_NULL_CONVERSION = YES;
				CLANG_WARN_OBJC_IMPLICIT_RETAIN_SELF = YES;
				CLANG_WARN_OBJC_LITERAL_CONVERSION = YES;
				CLANG_WARN_OBJC_ROOT_CLASS = YES_ERROR;
				CLANG_WARN_QUOTED_INCLUDE_IN_FRAMEWORK_HEADER = YES;
				CLANG_WARN_RANGE_LOOP_ANALYSIS = YES;
				CLANG_WARN_STRICT_PROTOTYPES = YES;
				CLANG_WARN_SUSPICIOUS_MOVE = YES;
				CLANG_WARN_UNGUARDED_AVAILABILITY = YES_AGGRESSIVE;
				CLANG_WARN_UNREACHABLE_CODE = YES;
				CLANG_WARN__DUPLICATE_METHOD_MATCH = YES;
				COPY_PHASE_STRIP = NO;
				DEBUG_INFORMATION_FORMAT = dwarf;
				ENABLE_STRICT_OBJC_MSGSEND = YES;
				ENABLE_TESTABILITY = YES;
				ENABLE_USER_SCRIPT_SANDBOXING = YES;
				GCC_C_LANGUAGE_STANDARD = gnu17;
				GCC_DYNAMIC_NO_PIC = NO;
				GCC_NO_COMMON_BLOCKS = YES;
				GCC_OPTIMIZATION_LEVEL = 0;
				GCC_PREPROCESSOR_DEFINITIONS = (
					"DEBUG=1",
					"$(inherited)",
				);
				GCC_WARN_64_TO_32_BIT_CONVERSION = YES;
				GCC_WARN_ABOUT_RETURN_TYPE = YES_ERROR;
				GCC_WARN_UNDECLARED_SELECTOR = YES;
				GCC_WARN_UNINITIALIZED_AUTOS = YES_AGGRESSIVE;
				GCC_WARN_UNUSED_FUNCTION = YES;
				GCC_WARN_UNUSED_VARIABLE = YES;
				IPHONEOS_DEPLOYMENT_TARGET = 17.0;
				LOCALIZATION_PREFERS_STRING_CATALOGS = YES;
				MTL_ENABLE_DEBUG_INFO = INCLUDE_SOURCE;
				MTL_FAST_MATH = YES;
				ONLY_ACTIVE_ARCH = YES;
				SDKROOT = iphoneos;
				SWIFT_ACTIVE_COMPILATION_CONDITIONS = "DEBUG $(inherited)";
				SWIFT_OPTIMIZATION_LEVEL = "-Onone";
			};
			name = Debug;
		};
		F46C229B2ADC5C2900AA798D /* Release */ = {
			isa = XCBuildConfiguration;
			buildSettings = {
				ALWAYS_SEARCH_USER_PATHS = NO;
				ASSETCATALOG_COMPILER_GENERATE_SWIFT_ASSET_SYMBOL_EXTENSIONS = YES;
				CLANG_ANALYZER_NONNULL = YES;
				CLANG_ANALYZER_NUMBER_OBJECT_CONVERSION = YES_AGGRESSIVE;
				CLANG_CXX_LANGUAGE_STANDARD = "gnu++20";
				CLANG_ENABLE_MODULES = YES;
				CLANG_ENABLE_OBJC_ARC = YES;
				CLANG_ENABLE_OBJC_WEAK = YES;
				CLANG_WARN_BLOCK_CAPTURE_AUTORELEASING = YES;
				CLANG_WARN_BOOL_CONVERSION = YES;
				CLANG_WARN_COMMA = YES;
				CLANG_WARN_CONSTANT_CONVERSION = YES;
				CLANG_WARN_DEPRECATED_OBJC_IMPLEMENTATIONS = YES;
				CLANG_WARN_DIRECT_OBJC_ISA_USAGE = YES_ERROR;
				CLANG_WARN_DOCUMENTATION_COMMENTS = YES;
				CLANG_WARN_EMPTY_BODY = YES;
				CLANG_WARN_ENUM_CONVERSION = YES;
				CLANG_WARN_INFINITE_RECURSION = YES;
				CLANG_WARN_INT_CONVERSION = YES;
				CLANG_WARN_NON_LITERAL_NULL_CONVERSION = YES;
				CLANG_WARN_OBJC_IMPLICIT_RETAIN_SELF = YES;
				CLANG_WARN_OBJC_LITERAL_CONVERSION = YES;
				CLANG_WARN_OBJC_ROOT_CLASS = YES_ERROR;
				CLANG_WARN_QUOTED_INCLUDE_IN_FRAMEWORK_HEADER = YES;
				CLANG_WARN_RANGE_LOOP_ANALYSIS = YES;
				CLANG_WARN_STRICT_PROTOTYPES = YES;
				CLANG_WARN_SUSPICIOUS_MOVE = YES;
				CLANG_WARN_UNGUARDED_AVAILABILITY = YES_AGGRESSIVE;
				CLANG_WARN_UNREACHABLE_CODE = YES;
				CLANG_WARN__DUPLICATE_METHOD_MATCH = YES;
				COPY_PHASE_STRIP = NO;
				DEBUG_INFORMATION_FORMAT = "dwarf-with-dsym";
				ENABLE_NS_ASSERTIONS = NO;
				ENABLE_STRICT_OBJC_MSGSEND = YES;
				ENABLE_USER_SCRIPT_SANDBOXING = YES;
				GCC_C_LANGUAGE_STANDARD = gnu17;
				GCC_NO_COMMON_BLOCKS = YES;
				GCC_WARN_64_TO_32_BIT_CONVERSION = YES;
				GCC_WARN_ABOUT_RETURN_TYPE = YES_ERROR;
				GCC_WARN_UNDECLARED_SELECTOR = YES;
				GCC_WARN_UNINITIALIZED_AUTOS = YES_AGGRESSIVE;
				GCC_WARN_UNUSED_FUNCTION = YES;
				GCC_WARN_UNUSED_VARIABLE = YES;
				IPHONEOS_DEPLOYMENT_TARGET = 17.0;
				LOCALIZATION_PREFERS_STRING_CATALOGS = YES;
				MTL_ENABLE_DEBUG_INFO = NO;
				MTL_FAST_MATH = YES;
				SDKROOT = iphoneos;
				SWIFT_COMPILATION_MODE = wholemodule;
				VALIDATE_PRODUCT = YES;
			};
			name = Release;
		};
		F46C229D2ADC5C2900AA798D /* Debug */ = {
			isa = XCBuildConfiguration;
			buildSettings = {
				ASSETCATALOG_COMPILER_APPICON_NAME = AppIcon;
				CODE_SIGN_STYLE = Automatic;
				CURRENT_PROJECT_VERSION = 1;
				DEVELOPMENT_TEAM = HV6BJXV65Q;
				GENERATE_INFOPLIST_FILE = YES;
				INFOPLIST_FILE = SOPT33_AppleWeatherAppCloneCoding/Info.plist;
				INFOPLIST_KEY_UIApplicationSupportsIndirectInputEvents = YES;
				INFOPLIST_KEY_UILaunchStoryboardName = "";
				INFOPLIST_KEY_UISupportedInterfaceOrientations_iPad = "UIInterfaceOrientationPortrait UIInterfaceOrientationPortraitUpsideDown UIInterfaceOrientationLandscapeLeft UIInterfaceOrientationLandscapeRight";
				INFOPLIST_KEY_UISupportedInterfaceOrientations_iPhone = "UIInterfaceOrientationPortrait UIInterfaceOrientationLandscapeLeft UIInterfaceOrientationLandscapeRight";
				LD_RUNPATH_SEARCH_PATHS = (
					"$(inherited)",
					"@executable_path/Frameworks",
				);
				MARKETING_VERSION = 1.0;
				PRODUCT_BUNDLE_IDENTIFIER = "none.SOPT33-AppleWeatherAppCloneCoding";
				PRODUCT_NAME = "$(TARGET_NAME)";
				SWIFT_EMIT_LOC_STRINGS = YES;
				SWIFT_VERSION = 5.0;
				TARGETED_DEVICE_FAMILY = "1,2";
			};
			name = Debug;
		};
		F46C229E2ADC5C2900AA798D /* Release */ = {
			isa = XCBuildConfiguration;
			buildSettings = {
				ASSETCATALOG_COMPILER_APPICON_NAME = AppIcon;
				CODE_SIGN_STYLE = Automatic;
				CURRENT_PROJECT_VERSION = 1;
				DEVELOPMENT_TEAM = HV6BJXV65Q;
				GENERATE_INFOPLIST_FILE = YES;
				INFOPLIST_FILE = SOPT33_AppleWeatherAppCloneCoding/Info.plist;
				INFOPLIST_KEY_UIApplicationSupportsIndirectInputEvents = YES;
				INFOPLIST_KEY_UILaunchStoryboardName = "";
				INFOPLIST_KEY_UISupportedInterfaceOrientations_iPad = "UIInterfaceOrientationPortrait UIInterfaceOrientationPortraitUpsideDown UIInterfaceOrientationLandscapeLeft UIInterfaceOrientationLandscapeRight";
				INFOPLIST_KEY_UISupportedInterfaceOrientations_iPhone = "UIInterfaceOrientationPortrait UIInterfaceOrientationLandscapeLeft UIInterfaceOrientationLandscapeRight";
				LD_RUNPATH_SEARCH_PATHS = (
					"$(inherited)",
					"@executable_path/Frameworks",
				);
				MARKETING_VERSION = 1.0;
				PRODUCT_BUNDLE_IDENTIFIER = "none.SOPT33-AppleWeatherAppCloneCoding";
				PRODUCT_NAME = "$(TARGET_NAME)";
				SWIFT_EMIT_LOC_STRINGS = YES;
				SWIFT_VERSION = 5.0;
				TARGETED_DEVICE_FAMILY = "1,2";
			};
			name = Release;
		};
/* End XCBuildConfiguration section */

/* Begin XCConfigurationList section */
		F46C22832ADC5C2500AA798D /* Build configuration list for PBXProject "SOPT33_AppleWeatherAppCloneCoding" */ = {
			isa = XCConfigurationList;
			buildConfigurations = (
				F46C229A2ADC5C2900AA798D /* Debug */,
				F46C229B2ADC5C2900AA798D /* Release */,
			);
			defaultConfigurationIsVisible = 0;
			defaultConfigurationName = Release;
		};
		F46C229C2ADC5C2900AA798D /* Build configuration list for PBXNativeTarget "SOPT33_AppleWeatherAppCloneCoding" */ = {
			isa = XCConfigurationList;
			buildConfigurations = (
				F46C229D2ADC5C2900AA798D /* Debug */,
				F46C229E2ADC5C2900AA798D /* Release */,
			);
			defaultConfigurationIsVisible = 0;
			defaultConfigurationName = Release;
		};
/* End XCConfigurationList section */

/* Begin XCRemoteSwiftPackageReference section */
		F46C22A72ADC6BBD00AA798D /* XCRemoteSwiftPackageReference "SnapKit" */ = {
			isa = XCRemoteSwiftPackageReference;
			repositoryURL = "https://github.com/SnapKit/SnapKit";
			requirement = {
				kind = upToNextMajorVersion;
				minimumVersion = 5.6.0;
			};
		};
/* End XCRemoteSwiftPackageReference section */

/* Begin XCSwiftPackageProductDependency section */
		F46C22A82ADC6BBD00AA798D /* SnapKit */ = {
			isa = XCSwiftPackageProductDependency;
			package = F46C22A72ADC6BBD00AA798D /* XCRemoteSwiftPackageReference "SnapKit" */;
			productName = SnapKit;
		};
		F46C22AA2ADC6BBD00AA798D /* SnapKit-Dynamic */ = {
			isa = XCSwiftPackageProductDependency;
			package = F46C22A72ADC6BBD00AA798D /* XCRemoteSwiftPackageReference "SnapKit" */;
			productName = "SnapKit-Dynamic";
		};
/* End XCSwiftPackageProductDependency section */
	};
	rootObject = F46C22802ADC5C2500AA798D /* Project object */;
}
